
Microsoft Visual Studio Solution File, Format Version 12.00
# Visual Studio Version 16
VisualStudioVersion = 16.0.31911.196
MinimumVisualStudioVersion = 10.0.40219.1
Project("{FAE04EC0-301F-11D3-BF4B-00C04F79EFBC}") = "BooksAPI", "BooksAPI.csproj", "{0CE5B9FB-BBE2-46BA-939A-7DD2716D58A4}"
EndProject
Global
	GlobalSection(SolutionConfigurationPlatforms) = preSolution
		Debug|Any CPU = Debug|Any CPU
		Release|Any CPU = Release|Any CPU
	EndGlobalSection
	GlobalSection(ProjectConfigurationPlatforms) = postSolution
		{0CE5B9FB-BBE2-46BA-939A-7DD2716D58A4}.Debug|Any CPU.ActiveCfg = Debug|Any CPU
		{0CE5B9FB-BBE2-46BA-939A-7DD2716D58A4}.Debug|Any CPU.Build.0 = Debug|Any CPU
		{0CE5B9FB-BBE2-46BA-939A-7DD2716D58A4}.Release|Any CPU.ActiveCfg = Release|Any CPU
		{0CE5B9FB-BBE2-46BA-939A-7DD2716D58A4}.Release|Any CPU.Build.0 = Release|Any CPU
	EndGlobalSection
	GlobalSection(SolutionProperties) = preSolution
		HideSolutionNode = FALSE
	EndGlobalSection
	GlobalSection(ExtensibilityGlobals) = postSolution
		SolutionGuid = {8CC8CEF2-70D7-4817-BB9F-C2C5FD94F771}
	EndGlobalSection
EndGlobal
